
Microsoft Visual Studio Solution File, Format Version 12.00
# Visual Studio Version 16
VisualStudioVersion = 16.0.32901.82
MinimumVisualStudioVersion = 10.0.40219.1
Project("{FAE04EC0-301F-11D3-BF4B-00C04F79EFBC}") = "Operators_Sadler_Madison", "Operators_Sadler_Madison\Operators_Sadler_Madison.csproj", "{0D7AC1DF-5510-49EC-97B0-4CDE48E08709}"
EndProject
Global
	GlobalSection(SolutionConfigurationPlatforms) = preSolution
		Debug|Any CPU = Debug|Any CPU
		Release|Any CPU = Release|Any CPU
	EndGlobalSection
	GlobalSection(ProjectConfigurationPlatforms) = postSolution
		{0D7AC1DF-5510-49EC-97B0-4CDE48E08709}.Debug|Any CPU.ActiveCfg = Debug|Any CPU
		{0D7AC1DF-5510-49EC-97B0-4CDE48E08709}.Debug|Any CPU.Build.0 = Debug|Any CPU
		{0D7AC1DF-5510-49EC-97B0-4CDE48E08709}.Release|Any CPU.ActiveCfg = Release|Any CPU
		{0D7AC1DF-5510-49EC-97B0-4CDE48E08709}.Release|Any CPU.Build.0 = Release|Any CPU
	EndGlobalSection
	GlobalSection(SolutionProperties) = preSolution
		HideSolutionNode = FALSE
	EndGlobalSection
	GlobalSection(ExtensibilityGlobals) = postSolution
		SolutionGuid = {926FD084-136B-4982-9CE7-98D3B201D76F}
	EndGlobalSection
EndGlobal
